# This file was autogenerated by Stack.
# You should not edit this file by hand.
# For more information, please see the documentation at:
#   https://docs.haskellstack.org/en/stable/lock_files

packages:
- completed:
    hackage: docker-0.6.0.4@sha256:3540f151e02273909f85b152ee42b0801bc195de349c360889e30b39a19e1b1c,4044
    pantry-tree:
      size: 654
      sha256: 49c29aa711d1bf5ba0c7bef3e7d968aaf4f4eb793b69b8814ba082317e580ff5
  original:
    hackage: docker-0.6.0.4@sha256:3540f151e02273909f85b152ee42b0801bc195de349c360889e30b39a19e1b1c,4044
- completed:
    hackage: suspend-0.2.0.0@sha256:0d98526558b773c3ff792664bc45d7a083a32eedb6206d4101a7570869c75a28,1115
    pantry-tree:
      size: 424
      sha256: 70600cf9fc141612dcfb21573c4ccbec59922fb218b384ed380458cf6b0c67e6
  original:
    hackage: suspend-0.2.0.0@sha256:0d98526558b773c3ff792664bc45d7a083a32eedb6206d4101a7570869c75a28,1115
snapshots:
- completed:
    size: 496111
    url: https://raw.githubusercontent.com/commercialhaskell/stackage-snapshots/master/lts/15/14.yaml
    sha256: c442d702d66b8c129b3473a32c609050aabf1dc2f8e8502402c143271a8fb141
  original: lts-15.14
